
Microsoft Visual Studio Solution File, Format Version 12.00
# Visual Studio 14
VisualStudioVersion = 14.0.25420.1
MinimumVisualStudioVersion = 10.0.40219.1
Project("{FAE04EC0-301F-11D3-BF4B-00C04F79EFBC}") = "WebService", "WebService\WebService.csproj", "{83E5DDD3-78E7-4D91-A026-DE42652EDD91}"
EndProject
Project("{FAE04EC0-301F-11D3-BF4B-00C04F79EFBC}") = "WindowsClient", "WindowsClient\WindowsClient.csproj", "{2DC18B7B-9FCD-4AFD-B627-F72E0637B873}"
EndProject
Global
	GlobalSection(SolutionConfigurationPlatforms) = preSolution
		Debug|Any CPU = Debug|Any CPU
		Release|Any CPU = Release|Any CPU
	EndGlobalSection
	GlobalSection(ProjectConfigurationPlatforms) = postSolution
		{83E5DDD3-78E7-4D91-A026-DE42652EDD91}.Debug|Any CPU.ActiveCfg = Debug|Any CPU
		{83E5DDD3-78E7-4D91-A026-DE42652EDD91}.Debug|Any CPU.Build.0 = Debug|Any CPU
		{83E5DDD3-78E7-4D91-A026-DE42652EDD91}.Release|Any CPU.ActiveCfg = Release|Any CPU
		{83E5DDD3-78E7-4D91-A026-DE42652EDD91}.Release|Any CPU.Build.0 = Release|Any CPU
		{2DC18B7B-9FCD-4AFD-B627-F72E0637B873}.Debug|Any CPU.ActiveCfg = Debug|Any CPU
		{2DC18B7B-9FCD-4AFD-B627-F72E0637B873}.Debug|Any CPU.Build.0 = Debug|Any CPU
		{2DC18B7B-9FCD-4AFD-B627-F72E0637B873}.Release|Any CPU.ActiveCfg = Release|Any CPU
		{2DC18B7B-9FCD-4AFD-B627-F72E0637B873}.Release|Any CPU.Build.0 = Release|Any CPU
	EndGlobalSection
	GlobalSection(SolutionProperties) = preSolution
		HideSolutionNode = FALSE
	EndGlobalSection
EndGlobal
